// !$*UTF8*$!
{
	archiveVersion = 1;
	classes = {
	};
	objectVersion = 50;
	objects = {

/* Begin PBXBuildFile section */
		58B04D6125BB24C8006C5C42 /* CardsModel.swift in Sources */ = {isa = PBXBuildFile; fileRef = 58B04D6025BB24C8006C5C42 /* CardsModel.swift */; };
		58B04D6725BB2616006C5C42 /* Card.swift in Sources */ = {isa = PBXBuildFile; fileRef = 58B04D6625BB2616006C5C42 /* Card.swift */; };
		58B04D7125BB2EA2006C5C42 /* Grid.swift in Sources */ = {isa = PBXBuildFile; fileRef = 58B04D7025BB2EA2006C5C42 /* Grid.swift */; };
		58B04D7625BB2ECF006C5C42 /* GridLayout.swift in Sources */ = {isa = PBXBuildFile; fileRef = 58B04D7525BB2ECF006C5C42 /* GridLayout.swift */; };
		58B04D7C25BB32C2006C5C42 /* Array+Identifiable.swift in Sources */ = {isa = PBXBuildFile; fileRef = 58B04D7A25BB32C2006C5C42 /* Array+Identifiable.swift */; };
		58B04D7D25BB32C2006C5C42 /* Array+Only.swift in Sources */ = {isa = PBXBuildFile; fileRef = 58B04D7B25BB32C2006C5C42 /* Array+Only.swift */; };
		58B04D8525BB56B4006C5C42 /* CardsViewModel.swift in Sources */ = {isa = PBXBuildFile; fileRef = 58B04D8425BB56B4006C5C42 /* CardsViewModel.swift */; };
		58B04D8D25BB6A11006C5C42 /* Diamond.swift in Sources */ = {isa = PBXBuildFile; fileRef = 58B04D8C25BB6A11006C5C42 /* Diamond.swift */; };
		58EBBDF825BAFCC8003C3BDC /* TrixGameApp.swift in Sources */ = {isa = PBXBuildFile; fileRef = 58EBBDF725BAFCC8003C3BDC /* TrixGameApp.swift */; };
		58EBBDFA25BAFCC8003C3BDC /* TrixGameContentView.swift in Sources */ = {isa = PBXBuildFile; fileRef = 58EBBDF925BAFCC8003C3BDC /* TrixGameContentView.swift */; };
		58EBBDFC25BAFCCB003C3BDC /* Assets.xcassets in Resources */ = {isa = PBXBuildFile; fileRef = 58EBBDFB25BAFCCB003C3BDC /* Assets.xcassets */; };
		58EBBDFF25BAFCCB003C3BDC /* Preview Assets.xcassets in Resources */ = {isa = PBXBuildFile; fileRef = 58EBBDFE25BAFCCB003C3BDC /* Preview Assets.xcassets */; };
		58EBBE0A25BAFCCB003C3BDC /* TrixGameTests.swift in Sources */ = {isa = PBXBuildFile; fileRef = 58EBBE0925BAFCCB003C3BDC /* TrixGameTests.swift */; };
		58EBBE1525BAFCCB003C3BDC /* TrixGameUITests.swift in Sources */ = {isa = PBXBuildFile; fileRef = 58EBBE1425BAFCCB003C3BDC /* TrixGameUITests.swift */; };
/* End PBXBuildFile section */

/* Begin PBXContainerItemProxy section */
		58EBBE0625BAFCCB003C3BDC /* PBXContainerItemProxy */ = {
			isa = PBXContainerItemProxy;
			containerPortal = 58EBBDEC25BAFCC8003C3BDC /* Project object */;
			proxyType = 1;
			remoteGlobalIDString = 58EBBDF325BAFCC8003C3BDC;
			remoteInfo = TrixGame;
		};
		58EBBE1125BAFCCB003C3BDC /* PBXContainerItemProxy */ = {
			isa = PBXContainerItemProxy;
			containerPortal = 58EBBDEC25BAFCC8003C3BDC /* Project object */;
			proxyType = 1;
			remoteGlobalIDString = 58EBBDF325BAFCC8003C3BDC;
			remoteInfo = TrixGame;
		};
/* End PBXContainerItemProxy section */

/* Begin PBXFileReference section */
		58B04D6025BB24C8006C5C42 /* CardsModel.swift */ = {isa = PBXFileReference; lastKnownFileType = sourcecode.swift; path = CardsModel.swift; sourceTree = "<group>"; };
		58B04D6625BB2616006C5C42 /* Card.swift */ = {isa = PBXFileReference; lastKnownFileType = sourcecode.swift; path = Card.swift; sourceTree = "<group>"; };
		58B04D7025BB2EA2006C5C42 /* Grid.swift */ = {isa = PBXFileReference; fileEncoding = 4; lastKnownFileType = sourcecode.swift; path = Grid.swift; sourceTree = "<group>"; };
		58B04D7525BB2ECF006C5C42 /* GridLayout.swift */ = {isa = PBXFileReference; fileEncoding = 4; lastKnownFileType = sourcecode.swift; path = GridLayout.swift; sourceTree = "<group>"; };
		58B04D7A25BB32C2006C5C42 /* Array+Identifiable.swift */ = {isa = PBXFileReference; fileEncoding = 4; lastKnownFileType = sourcecode.swift; path = "Array+Identifiable.swift"; sourceTree = "<group>"; };
		58B04D7B25BB32C2006C5C42 /* Array+Only.swift */ = {isa = PBXFileReference; fileEncoding = 4; lastKnownFileType = sourcecode.swift; path = "Array+Only.swift"; sourceTree = "<group>"; };
		58B04D8425BB56B4006C5C42 /* CardsViewModel.swift */ = {isa = PBXFileReference; lastKnownFileType = sourcecode.swift; path = CardsViewModel.swift; sourceTree = "<group>"; };
		58B04D8C25BB6A11006C5C42 /* Diamond.swift */ = {isa = PBXFileReference; lastKnownFileType = sourcecode.swift; path = Diamond.swift; sourceTree = "<group>"; };
		58EBBDF425BAFCC8003C3BDC /* TrixGame.app */ = {isa = PBXFileReference; explicitFileType = wrapper.application; includeInIndex = 0; path = TrixGame.app; sourceTree = BUILT_PRODUCTS_DIR; };
		58EBBDF725BAFCC8003C3BDC /* TrixGameApp.swift */ = {isa = PBXFileReference; lastKnownFileType = sourcecode.swift; path = TrixGameApp.swift; sourceTree = "<group>"; };
		58EBBDF925BAFCC8003C3BDC /* TrixGameContentView.swift */ = {isa = PBXFileReference; lastKnownFileType = sourcecode.swift; path = TrixGameContentView.swift; sourceTree = "<group>"; };
		58EBBDFB25BAFCCB003C3BDC /* Assets.xcassets */ = {isa = PBXFileReference; lastKnownFileType = folder.assetcatalog; path = Assets.xcassets; sourceTree = "<group>"; };
		58EBBDFE25BAFCCB003C3BDC /* Preview Assets.xcassets */ = {isa = PBXFileReference; lastKnownFileType = folder.assetcatalog; path = "Preview Assets.xcassets"; sourceTree = "<group>"; };
		58EBBE0025BAFCCB003C3BDC /* Info.plist */ = {isa = PBXFileReference; lastKnownFileType = text.plist.xml; path = Info.plist; sourceTree = "<group>"; };
		58EBBE0525BAFCCB003C3BDC /* TrixGameTests.xctest */ = {isa = PBXFileReference; explicitFileType = wrapper.cfbundle; includeInIndex = 0; path = TrixGameTests.xctest; sourceTree = BUILT_PRODUCTS_DIR; };
		58EBBE0925BAFCCB003C3BDC /* TrixGameTests.swift */ = {isa = PBXFileReference; lastKnownFileType = sourcecode.swift; path = TrixGameTests.swift; sourceTree = "<group>"; };
		58EBBE0B25BAFCCB003C3BDC /* Info.plist */ = {isa = PBXFileReference; lastKnownFileType = text.plist.xml; path = Info.plist; sourceTree = "<group>"; };
		58EBBE1025BAFCCB003C3BDC /* TrixGameUITests.xctest */ = {isa = PBXFileReference; explicitFileType = wrapper.cfbundle; includeInIndex = 0; path = TrixGameUITests.xctest; sourceTree = BUILT_PRODUCTS_DIR; };
		58EBBE1425BAFCCB003C3BDC /* TrixGameUITests.swift */ = {isa = PBXFileReference; lastKnownFileType = sourcecode.swift; path = TrixGameUITests.swift; sourceTree = "<group>"; };
		58EBBE1625BAFCCB003C3BDC /* Info.plist */ = {isa = PBXFileReference; lastKnownFileType = text.plist.xml; path = Info.plist; sourceTree = "<group>"; };
/* End PBXFileReference section */

/* Begin PBXFrameworksBuildPhase section */
		58EBBDF125BAFCC8003C3BDC /* Frameworks */ = {
			isa = PBXFrameworksBuildPhase;
			buildActionMask = 2147483647;
			files = (
			);
			runOnlyForDeploymentPostprocessing = 0;
		};
		58EBBE0225BAFCCB003C3BDC /* Frameworks */ = {
			isa = PBXFrameworksBuildPhase;
			buildActionMask = 2147483647;
			files = (
			);
			runOnlyForDeploymentPostprocessing = 0;
		};
		58EBBE0D25BAFCCB003C3BDC /* Frameworks */ = {
			isa = PBXFrameworksBuildPhase;
			buildActionMask = 2147483647;
			files = (
			);
			runOnlyForDeploymentPostprocessing = 0;
		};
/* End PBXFrameworksBuildPhase section */

/* Begin PBXGroup section */
		58B04D6525BB25F6006C5C42 /* Models */ = {
			isa = PBXGroup;
			children = (
				58B04D6025BB24C8006C5C42 /* CardsModel.swift */,
				58B04D6625BB2616006C5C42 /* Card.swift */,
			);
			path = Models;
			sourceTree = "<group>";
		};
		58B04D6B25BB285F006C5C42 /* ViewModels */ = {
			isa = PBXGroup;
			children = (
				58B04D8425BB56B4006C5C42 /* CardsViewModel.swift */,
			);
			path = ViewModels;
			sourceTree = "<group>";
		};
		58B04D6C25BB2872006C5C42 /* Views */ = {
			isa = PBXGroup;
			children = (
			);
			path = Views;
			sourceTree = "<group>";
		};
		58EBBDEB25BAFCC8003C3BDC = {
			isa = PBXGroup;
			children = (
				58EBBDF625BAFCC8003C3BDC /* TrixGame */,
				58EBBE0825BAFCCB003C3BDC /* TrixGameTests */,
				58EBBE1325BAFCCB003C3BDC /* TrixGameUITests */,
				58EBBDF525BAFCC8003C3BDC /* Products */,
			);
			sourceTree = "<group>";
		};
		58EBBDF525BAFCC8003C3BDC /* Products */ = {
			isa = PBXGroup;
			children = (
				58EBBDF425BAFCC8003C3BDC /* TrixGame.app */,
				58EBBE0525BAFCCB003C3BDC /* TrixGameTests.xctest */,
				58EBBE1025BAFCCB003C3BDC /* TrixGameUITests.xctest */,
			);
			name = Products;
			sourceTree = "<group>";
		};
		58EBBDF625BAFCC8003C3BDC /* TrixGame */ = {
			isa = PBXGroup;
			children = (
				58B04D6C25BB2872006C5C42 /* Views */,
				58B04D6B25BB285F006C5C42 /* ViewModels */,
				58B04D6525BB25F6006C5C42 /* Models */,
				58EBBDF725BAFCC8003C3BDC /* TrixGameApp.swift */,
				58EBBDF925BAFCC8003C3BDC /* TrixGameContentView.swift */,
				58B04D8C25BB6A11006C5C42 /* Diamond.swift */,
				58B04D7025BB2EA2006C5C42 /* Grid.swift */,
				58B04D7525BB2ECF006C5C42 /* GridLayout.swift */,
				58B04D7A25BB32C2006C5C42 /* Array+Identifiable.swift */,
				58B04D7B25BB32C2006C5C42 /* Array+Only.swift */,
				58EBBDFB25BAFCCB003C3BDC /* Assets.xcassets */,
				58EBBE0025BAFCCB003C3BDC /* Info.plist */,
				58EBBDFD25BAFCCB003C3BDC /* Preview Content */,
			);
			path = TrixGame;
			sourceTree = "<group>";
		};
		58EBBDFD25BAFCCB003C3BDC /* Preview Content */ = {
			isa = PBXGroup;
			children = (
				58EBBDFE25BAFCCB003C3BDC /* Preview Assets.xcassets */,
			);
			path = "Preview Content";
			sourceTree = "<group>";
		};
		58EBBE0825BAFCCB003C3BDC /* TrixGameTests */ = {
			isa = PBXGroup;
			children = (
				58EBBE0925BAFCCB003C3BDC /* TrixGameTests.swift */,
				58EBBE0B25BAFCCB003C3BDC /* Info.plist */,
			);
			path = TrixGameTests;
			sourceTree = "<group>";
		};
		58EBBE1325BAFCCB003C3BDC /* TrixGameUITests */ = {
			isa = PBXGroup;
			children = (
				58EBBE1425BAFCCB003C3BDC /* TrixGameUITests.swift */,
				58EBBE1625BAFCCB003C3BDC /* Info.plist */,
			);
			path = TrixGameUITests;
			sourceTree = "<group>";
		};
/* End PBXGroup section */

/* Begin PBXNativeTarget section */
		58EBBDF325BAFCC8003C3BDC /* TrixGame */ = {
			isa = PBXNativeTarget;
			buildConfigurationList = 58EBBE1925BAFCCB003C3BDC /* Build configuration list for PBXNativeTarget "TrixGame" */;
			buildPhases = (
				58EBBDF025BAFCC8003C3BDC /* Sources */,
				58EBBDF125BAFCC8003C3BDC /* Frameworks */,
				58EBBDF225BAFCC8003C3BDC /* Resources */,
			);
			buildRules = (
			);
			dependencies = (
			);
			name = TrixGame;
			productName = TrixGame;
			productReference = 58EBBDF425BAFCC8003C3BDC /* TrixGame.app */;
			productType = "com.apple.product-type.application";
		};
		58EBBE0425BAFCCB003C3BDC /* TrixGameTests */ = {
			isa = PBXNativeTarget;
			buildConfigurationList = 58EBBE1C25BAFCCB003C3BDC /* Build configuration list for PBXNativeTarget "TrixGameTests" */;
			buildPhases = (
				58EBBE0125BAFCCB003C3BDC /* Sources */,
				58EBBE0225BAFCCB003C3BDC /* Frameworks */,
				58EBBE0325BAFCCB003C3BDC /* Resources */,
			);
			buildRules = (
			);
			dependencies = (
				58EBBE0725BAFCCB003C3BDC /* PBXTargetDependency */,
			);
			name = TrixGameTests;
			productName = TrixGameTests;
			productReference = 58EBBE0525BAFCCB003C3BDC /* TrixGameTests.xctest */;
			productType = "com.apple.product-type.bundle.unit-test";
		};
		58EBBE0F25BAFCCB003C3BDC /* TrixGameUITests */ = {
			isa = PBXNativeTarget;
			buildConfigurationList = 58EBBE1F25BAFCCB003C3BDC /* Build configuration list for PBXNativeTarget "TrixGameUITests" */;
			buildPhases = (
				58EBBE0C25BAFCCB003C3BDC /* Sources */,
				58EBBE0D25BAFCCB003C3BDC /* Frameworks */,
				58EBBE0E25BAFCCB003C3BDC /* Resources */,
			);
			buildRules = (
			);
			dependencies = (
				58EBBE1225BAFCCB003C3BDC /* PBXTargetDependency */,
			);
			name = TrixGameUITests;
			productName = TrixGameUITests;
			productReference = 58EBBE1025BAFCCB003C3BDC /* TrixGameUITests.xctest */;
			productType = "com.apple.product-type.bundle.ui-testing";
		};
/* End PBXNativeTarget section */

/* Begin PBXProject section */
		58EBBDEC25BAFCC8003C3BDC /* Project object */ = {
			isa = PBXProject;
			attributes = {
				LastSwiftUpdateCheck = 1230;
				LastUpgradeCheck = 1230;
				TargetAttributes = {
					58EBBDF325BAFCC8003C3BDC = {
						CreatedOnToolsVersion = 12.3;
					};
					58EBBE0425BAFCCB003C3BDC = {
						CreatedOnToolsVersion = 12.3;
						TestTargetID = 58EBBDF325BAFCC8003C3BDC;
					};
					58EBBE0F25BAFCCB003C3BDC = {
						CreatedOnToolsVersion = 12.3;
						TestTargetID = 58EBBDF325BAFCC8003C3BDC;
					};
				};
			};
			buildConfigurationList = 58EBBDEF25BAFCC8003C3BDC /* Build configuration list for PBXProject "TrixGame" */;
			compatibilityVersion = "Xcode 9.3";
			developmentRegion = en;
			hasScannedForEncodings = 0;
			knownRegions = (
				en,
				Base,
			);
			mainGroup = 58EBBDEB25BAFCC8003C3BDC;
			productRefGroup = 58EBBDF525BAFCC8003C3BDC /* Products */;
			projectDirPath = "";
			projectRoot = "";
			targets = (
				58EBBDF325BAFCC8003C3BDC /* TrixGame */,
				58EBBE0425BAFCCB003C3BDC /* TrixGameTests */,
				58EBBE0F25BAFCCB003C3BDC /* TrixGameUITests */,
			);
		};
/* End PBXProject section */

/* Begin PBXResourcesBuildPhase section */
		58EBBDF225BAFCC8003C3BDC /* Resources */ = {
			isa = PBXResourcesBuildPhase;
			buildActionMask = 2147483647;
			files = (
				58EBBDFF25BAFCCB003C3BDC /* Preview Assets.xcassets in Resources */,
				58EBBDFC25BAFCCB003C3BDC /* Assets.xcassets in Resources */,
			);
			runOnlyForDeploymentPostprocessing = 0;
		};
		58EBBE0325BAFCCB003C3BDC /* Resources */ = {
			isa = PBXResourcesBuildPhase;
			buildActionMask = 2147483647;
			files = (
			);
			runOnlyForDeploymentPostprocessing = 0;
		};
		58EBBE0E25BAFCCB003C3BDC /* Resources */ = {
			isa = PBXResourcesBuildPhase;
			buildActionMask = 2147483647;
			files = (
			);
			runOnlyForDeploymentPostprocessing = 0;
		};
/* End PBXResourcesBuildPhase section */

/* Begin PBXSourcesBuildPhase section */
		58EBBDF025BAFCC8003C3BDC /* Sources */ = {
			isa = PBXSourcesBuildPhase;
			buildActionMask = 2147483647;
			files = (
				58B04D6125BB24C8006C5C42 /* CardsModel.swift in Sources */,
				58EBBDFA25BAFCC8003C3BDC /* TrixGameContentView.swift in Sources */,
				58EBBDF825BAFCC8003C3BDC /* TrixGameApp.swift in Sources */,
				58B04D7625BB2ECF006C5C42 /* GridLayout.swift in Sources */,
				58B04D7125BB2EA2006C5C42 /* Grid.swift in Sources */,
				58B04D8525BB56B4006C5C42 /* CardsViewModel.swift in Sources */,
				58B04D7C25BB32C2006C5C42 /* Array+Identifiable.swift in Sources */,
				58B04D6725BB2616006C5C42 /* Card.swift in Sources */,
				58B04D8D25BB6A11006C5C42 /* Diamond.swift in Sources */,
				58B04D7D25BB32C2006C5C42 /* Array+Only.swift in Sources */,
			);
			runOnlyForDeploymentPostprocessing = 0;
		};
		58EBBE0125BAFCCB003C3BDC /* Sources */ = {
			isa = PBXSourcesBuildPhase;
			buildActionMask = 2147483647;
			files = (
				58EBBE0A25BAFCCB003C3BDC /* TrixGameTests.swift in Sources */,
			);
			runOnlyForDeploymentPostprocessing = 0;
		};
		58EBBE0C25BAFCCB003C3BDC /* Sources */ = {
			isa = PBXSourcesBuildPhase;
			buildActionMask = 2147483647;
			files = (
				58EBBE1525BAFCCB003C3BDC /* TrixGameUITests.swift in Sources */,
			);
			runOnlyForDeploymentPostprocessing = 0;
		};
/* End PBXSourcesBuildPhase section */

/* Begin PBXTargetDependency section */
		58EBBE0725BAFCCB003C3BDC /* PBXTargetDependency */ = {
			isa = PBXTargetDependency;
			target = 58EBBDF325BAFCC8003C3BDC /* TrixGame */;
			targetProxy = 58EBBE0625BAFCCB003C3BDC /* PBXContainerItemProxy */;
		};
		58EBBE1225BAFCCB003C3BDC /* PBXTargetDependency */ = {
			isa = PBXTargetDependency;
			target = 58EBBDF325BAFCC8003C3BDC /* TrixGame */;
			targetProxy = 58EBBE1125BAFCCB003C3BDC /* PBXContainerItemProxy */;
		};
/* End PBXTargetDependency section */

/* Begin XCBuildConfiguration section */
		58EBBE1725BAFCCB003C3BDC /* Debug */ = {
			isa = XCBuildConfiguration;
			buildSettings = {
				ALWAYS_SEARCH_USER_PATHS = NO;
				CLANG_ANALYZER_NONNULL = YES;
				CLANG_ANALYZER_NUMBER_OBJECT_CONVERSION = YES_AGGRESSIVE;
				CLANG_CXX_LANGUAGE_STANDARD = "gnu++14";
				CLANG_CXX_LIBRARY = "libc++";
				CLANG_ENABLE_MODULES = YES;
				CLANG_ENABLE_OBJC_ARC = YES;
				CLANG_ENABLE_OBJC_WEAK = YES;
				CLANG_WARN_BLOCK_CAPTURE_AUTORELEASING = YES;
				CLANG_WARN_BOOL_CONVERSION = YES;
				CLANG_WARN_COMMA = YES;
				CLANG_WARN_CONSTANT_CONVERSION = YES;
				CLANG_WARN_DEPRECATED_OBJC_IMPLEMENTATIONS = YES;
				CLANG_WARN_DIRECT_OBJC_ISA_USAGE = YES_ERROR;
				CLANG_WARN_DOCUMENTATION_COMMENTS = YES;
				CLANG_WARN_EMPTY_BODY = YES;
				CLANG_WARN_ENUM_CONVERSION = YES;
				CLANG_WARN_INFINITE_RECURSION = YES;
				CLANG_WARN_INT_CONVERSION = YES;
				CLANG_WARN_NON_LITERAL_NULL_CONVERSION = YES;
				CLANG_WARN_OBJC_IMPLICIT_RETAIN_SELF = YES;
				CLANG_WARN_OBJC_LITERAL_CONVERSION = YES;
				CLANG_WARN_OBJC_ROOT_CLASS = YES_ERROR;
				CLANG_WARN_QUOTED_INCLUDE_IN_FRAMEWORK_HEADER = YES;
				CLANG_WARN_RANGE_LOOP_ANALYSIS = YES;
				CLANG_WARN_STRICT_PROTOTYPES = YES;
				CLANG_WARN_SUSPICIOUS_MOVE = YES;
				CLANG_WARN_UNGUARDED_AVAILABILITY = YES_AGGRESSIVE;
				CLANG_WARN_UNREACHABLE_CODE = YES;
				CLANG_WARN__DUPLICATE_METHOD_MATCH = YES;
				COPY_PHASE_STRIP = NO;
				DEBUG_INFORMATION_FORMAT = dwarf;
				ENABLE_STRICT_OBJC_MSGSEND = YES;
				ENABLE_TESTABILITY = YES;
				GCC_C_LANGUAGE_STANDARD = gnu11;
				GCC_DYNAMIC_NO_PIC = NO;
				GCC_NO_COMMON_BLOCKS = YES;
				GCC_OPTIMIZATION_LEVEL = 0;
				GCC_PREPROCESSOR_DEFINITIONS = (
					"DEBUG=1",
					"$(inherited)",
				);
				GCC_WARN_64_TO_32_BIT_CONVERSION = YES;
				GCC_WARN_ABOUT_RETURN_TYPE = YES_ERROR;
				GCC_WARN_UNDECLARED_SELECTOR = YES;
				GCC_WARN_UNINITIALIZED_AUTOS = YES_AGGRESSIVE;
				GCC_WARN_UNUSED_FUNCTION = YES;
				GCC_WARN_UNUSED_VARIABLE = YES;
				IPHONEOS_DEPLOYMENT_TARGET = 14.3;
				MTL_ENABLE_DEBUG_INFO = INCLUDE_SOURCE;
				MTL_FAST_MATH = YES;
				ONLY_ACTIVE_ARCH = YES;
				SDKROOT = iphoneos;
				SWIFT_ACTIVE_COMPILATION_CONDITIONS = DEBUG;
				SWIFT_OPTIMIZATION_LEVEL = "-Onone";
			};
			name = Debug;
		};
		58EBBE1825BAFCCB003C3BDC /* Release */ = {
			isa = XCBuildConfiguration;
			buildSettings = {
				ALWAYS_SEARCH_USER_PATHS = NO;
				CLANG_ANALYZER_NONNULL = YES;
				CLANG_ANALYZER_NUMBER_OBJECT_CONVERSION = YES_AGGRESSIVE;
				CLANG_CXX_LANGUAGE_STANDARD = "gnu++14";
				CLANG_CXX_LIBRARY = "libc++";
				CLANG_ENABLE_MODULES = YES;
				CLANG_ENABLE_OBJC_ARC = YES;
				CLANG_ENABLE_OBJC_WEAK = YES;
				CLANG_WARN_BLOCK_CAPTURE_AUTORELEASING = YES;
				CLANG_WARN_BOOL_CONVERSION = YES;
				CLANG_WARN_COMMA = YES;
				CLANG_WARN_CONSTANT_CONVERSION = YES;
				CLANG_WARN_DEPRECATED_OBJC_IMPLEMENTATIONS = YES;
				CLANG_WARN_DIRECT_OBJC_ISA_USAGE = YES_ERROR;
				CLANG_WARN_DOCUMENTATION_COMMENTS = YES;
				CLANG_WARN_EMPTY_BODY = YES;
				CLANG_WARN_ENUM_CONVERSION = YES;
				CLANG_WARN_INFINITE_RECURSION = YES;
				CLANG_WARN_INT_CONVERSION = YES;
				CLANG_WARN_NON_LITERAL_NULL_CONVERSION = YES;
				CLANG_WARN_OBJC_IMPLICIT_RETAIN_SELF = YES;
				CLANG_WARN_OBJC_LITERAL_CONVERSION = YES;
				CLANG_WARN_OBJC_ROOT_CLASS = YES_ERROR;
				CLANG_WARN_QUOTED_INCLUDE_IN_FRAMEWORK_HEADER = YES;
				CLANG_WARN_RANGE_LOOP_ANALYSIS = YES;
				CLANG_WARN_STRICT_PROTOTYPES = YES;
				CLANG_WARN_SUSPICIOUS_MOVE = YES;
				CLANG_WARN_UNGUARDED_AVAILABILITY = YES_AGGRESSIVE;
				CLANG_WARN_UNREACHABLE_CODE = YES;
				CLANG_WARN__DUPLICATE_METHOD_MATCH = YES;
				COPY_PHASE_STRIP = NO;
				DEBUG_INFORMATION_FORMAT = "dwarf-with-dsym";
				ENABLE_NS_ASSERTIONS = NO;
				ENABLE_STRICT_OBJC_MSGSEND = YES;
				GCC_C_LANGUAGE_STANDARD = gnu11;
				GCC_NO_COMMON_BLOCKS = YES;
				GCC_WARN_64_TO_32_BIT_CONVERSION = YES;
				GCC_WARN_ABOUT_RETURN_TYPE = YES_ERROR;
				GCC_WARN_UNDECLARED_SELECTOR = YES;
				GCC_WARN_UNINITIALIZED_AUTOS = YES_AGGRESSIVE;
				GCC_WARN_UNUSED_FUNCTION = YES;
				GCC_WARN_UNUSED_VARIABLE = YES;
				IPHONEOS_DEPLOYMENT_TARGET = 14.3;
				MTL_ENABLE_DEBUG_INFO = NO;
				MTL_FAST_MATH = YES;
				SDKROOT = iphoneos;
				SWIFT_COMPILATION_MODE = wholemodule;
				SWIFT_OPTIMIZATION_LEVEL = "-O";
				VALIDATE_PRODUCT = YES;
			};
			name = Release;
		};
		58EBBE1A25BAFCCB003C3BDC /* Debug */ = {
			isa = XCBuildConfiguration;
			buildSettings = {
				ASSETCATALOG_COMPILER_APPICON_NAME = AppIcon;
				ASSETCATALOG_COMPILER_GLOBAL_ACCENT_COLOR_NAME = AccentColor;
				CODE_SIGN_STYLE = Automatic;
				DEVELOPMENT_ASSET_PATHS = "\"TrixGame/Preview Content\"";
				ENABLE_PREVIEWS = YES;
				INFOPLIST_FILE = TrixGame/Info.plist;
				IPHONEOS_DEPLOYMENT_TARGET = 14.0;
				LD_RUNPATH_SEARCH_PATHS = (
					"$(inherited)",
					"@executable_path/Frameworks",
				);
				PRODUCT_BUNDLE_IDENTIFIER = My.TrixGame;
				PRODUCT_NAME = "$(TARGET_NAME)";
				SWIFT_VERSION = 5.0;
				TARGETED_DEVICE_FAMILY = "1,2";
			};
			name = Debug;
		};
		58EBBE1B25BAFCCB003C3BDC /* Release */ = {
			isa = XCBuildConfiguration;
			buildSettings = {
				ASSETCATALOG_COMPILER_APPICON_NAME = AppIcon;
				ASSETCATALOG_COMPILER_GLOBAL_ACCENT_COLOR_NAME = AccentColor;
				CODE_SIGN_STYLE = Automatic;
				DEVELOPMENT_ASSET_PATHS = "\"TrixGame/Preview Content\"";
				ENABLE_PREVIEWS = YES;
				INFOPLIST_FILE = TrixGame/Info.plist;
				IPHONEOS_DEPLOYMENT_TARGET = 14.0;
				LD_RUNPATH_SEARCH_PATHS = (
					"$(inherited)",
					"@executable_path/Frameworks",
				);
				PRODUCT_BUNDLE_IDENTIFIER = My.TrixGame;
				PRODUCT_NAME = "$(TARGET_NAME)";
				SWIFT_VERSION = 5.0;
				TARGETED_DEVICE_FAMILY = "1,2";
			};
			name = Release;
		};
		58EBBE1D25BAFCCB003C3BDC /* Debug */ = {
			isa = XCBuildConfiguration;
			buildSettings = {
				ALWAYS_EMBED_SWIFT_STANDARD_LIBRARIES = YES;
				BUNDLE_LOADER = "$(TEST_HOST)";
				CODE_SIGN_STYLE = Automatic;
				INFOPLIST_FILE = TrixGameTests/Info.plist;
				IPHONEOS_DEPLOYMENT_TARGET = 14.0;
				LD_RUNPATH_SEARCH_PATHS = (
					"$(inherited)",
					"@executable_path/Frameworks",
					"@loader_path/Frameworks",
				);
				PRODUCT_BUNDLE_IDENTIFIER = My.TrixGameTests;
				PRODUCT_NAME = "$(TARGET_NAME)";
				SWIFT_VERSION = 5.0;
				TARGETED_DEVICE_FAMILY = "1,2";
				TEST_HOST = "$(BUILT_PRODUCTS_DIR)/TrixGame.app/TrixGame";
			};
			name = Debug;
		};
		58EBBE1E25BAFCCB003C3BDC /* Release */ = {
			isa = XCBuildConfiguration;
			buildSettings = {
				ALWAYS_EMBED_SWIFT_STANDARD_LIBRARIES = YES;
				BUNDLE_LOADER = "$(TEST_HOST)";
				CODE_SIGN_STYLE = Automatic;
				INFOPLIST_FILE = TrixGameTests/Info.plist;
				IPHONEOS_DEPLOYMENT_TARGET = 14.0;
				LD_RUNPATH_SEARCH_PATHS = (
					"$(inherited)",
					"@executable_path/Frameworks",
					"@loader_path/Frameworks",
				);
				PRODUCT_BUNDLE_IDENTIFIER = My.TrixGameTests;
				PRODUCT_NAME = "$(TARGET_NAME)";
				SWIFT_VERSION = 5.0;
				TARGETED_DEVICE_FAMILY = "1,2";
				TEST_HOST = "$(BUILT_PRODUCTS_DIR)/TrixGame.app/TrixGame";
			};
			name = Release;
		};
		58EBBE2025BAFCCB003C3BDC /* Debug */ = {
			isa = XCBuildConfiguration;
			buildSettings = {
				ALWAYS_EMBED_SWIFT_STANDARD_LIBRARIES = YES;
				CODE_SIGN_STYLE = Automatic;
				INFOPLIST_FILE = TrixGameUITests/Info.plist;
				LD_RUNPATH_SEARCH_PATHS = (
					"$(inherited)",
					"@executable_path/Frameworks",
					"@loader_path/Frameworks",
				);
				PRODUCT_BUNDLE_IDENTIFIER = My.TrixGameUITests;
				PRODUCT_NAME = "$(TARGET_NAME)";
				SWIFT_VERSION = 5.0;
				TARGETED_DEVICE_FAMILY = "1,2";
				TEST_TARGET_NAME = TrixGame;
			};
			name = Debug;
		};
		58EBBE2125BAFCCB003C3BDC /* Release */ = {
			isa = XCBuildConfiguration;
			buildSettings = {
				ALWAYS_EMBED_SWIFT_STANDARD_LIBRARIES = YES;
				CODE_SIGN_STYLE = Automatic;
				INFOPLIST_FILE = TrixGameUITests/Info.plist;
				LD_RUNPATH_SEARCH_PATHS = (
					"$(inherited)",
					"@executable_path/Frameworks",
					"@loader_path/Frameworks",
				);
				PRODUCT_BUNDLE_IDENTIFIER = My.TrixGameUITests;
				PRODUCT_NAME = "$(TARGET_NAME)";
				SWIFT_VERSION = 5.0;
				TARGETED_DEVICE_FAMILY = "1,2";
				TEST_TARGET_NAME = TrixGame;
			};
			name = Release;
		};
/* End XCBuildConfiguration section */

/* Begin XCConfigurationList section */
		58EBBDEF25BAFCC8003C3BDC /* Build configuration list for PBXProject "TrixGame" */ = {
			isa = XCConfigurationList;
			buildConfigurations = (
				58EBBE1725BAFCCB003C3BDC /* Debug */,
				58EBBE1825BAFCCB003C3BDC /* Release */,
			);
			defaultConfigurationIsVisible = 0;
			defaultConfigurationName = Release;
		};
		58EBBE1925BAFCCB003C3BDC /* Build configuration list for PBXNativeTarget "TrixGame" */ = {
			isa = XCConfigurationList;
			buildConfigurations = (
				58EBBE1A25BAFCCB003C3BDC /* Debug */,
				58EBBE1B25BAFCCB003C3BDC /* Release */,
			);
			defaultConfigurationIsVisible = 0;
			defaultConfigurationName = Release;
		};
		58EBBE1C25BAFCCB003C3BDC /* Build configuration list for PBXNativeTarget "TrixGameTests" */ = {
			isa = XCConfigurationList;
			buildConfigurations = (
				58EBBE1D25BAFCCB003C3BDC /* Debug */,
				58EBBE1E25BAFCCB003C3BDC /* Release */,
			);
			defaultConfigurationIsVisible = 0;
			defaultConfigurationName = Release;
		};
		58EBBE1F25BAFCCB003C3BDC /* Build configuration list for PBXNativeTarget "TrixGameUITests" */ = {
			isa = XCConfigurationList;
			buildConfigurations = (
				58EBBE2025BAFCCB003C3BDC /* Debug */,
				58EBBE2125BAFCCB003C3BDC /* Release */,
			);
			defaultConfigurationIsVisible = 0;
			defaultConfigurationName = Release;
		};
/* End XCConfigurationList section */
	};
	rootObject = 58EBBDEC25BAFCC8003C3BDC /* Project object */;
}
